github.com/aws/aws-lambda-go v1.6.0 h1:T+u/g79zPKw1oJM7xYhvpq7i4Sjc0iVsXZUaqRVVSOg=
github.com/aws/aws-lambda-go v1.6.0/go.mod h1:zUsUQhAUjYzR8AuduJPCfhBuKWUaDbQiPOG+ouzmE1A=
github.com/aws/aws-lambda-go v1.20.0 h1:ZSweJx/Hy9BoIDXKBEh16vbHH0t0dehnF8MKpMiOWc0=
github.com/dariuszkorolczukcom/birthday-app-api v0.0.0-20201121115932-8c4c790dc9b1 h1:0V6WKjKo/qm0MBYdMULauljq+L4qfFEB1fGPAMvIXLY=
